// !$*UTF8*$!
{
	archiveVersion = 1;
	classes = {
	};
	objectVersion = 46;
	objects = {

/* Begin PBXBuildFile section */
		8B81CA7614D71C24005CC9CF /* UIKit.framework in Frameworks */ = {isa = PBXBuildFile; fileRef = 8B81CA7514D71C24005CC9CF /* UIKit.framework */; };
		8B81CA7814D71C24005CC9CF /* Foundation.framework in Frameworks */ = {isa = PBXBuildFile; fileRef = 8B81CA7714D71C24005CC9CF /* Foundation.framework */; };
		8B81CA7A14D71C24005CC9CF /* CoreGraphics.framework in Frameworks */ = {isa = PBXBuildFile; fileRef = 8B81CA7914D71C24005CC9CF /* CoreGraphics.framework */; };
		8B81CA8014D71C24005CC9CF /* InfoPlist.strings in Resources */ = {isa = PBXBuildFile; fileRef = 8B81CA7E14D71C24005CC9CF /* InfoPlist.strings */; };
		8B81CA8214D71C24005CC9CF /* main.m in Sources */ = {isa = PBXBuildFile; fileRef = 8B81CA8114D71C24005CC9CF /* main.m */; };
		8B81CA8614D71C24005CC9CF /* FifteenPuzzleAppDelegate.m in Sources */ = {isa = PBXBuildFile; fileRef = 8B81CA8514D71C24005CC9CF /* FifteenPuzzleAppDelegate.m */; };
		8B81CA8914D71C24005CC9CF /* FifteenPuzzleViewController.m in Sources */ = {isa = PBXBuildFile; fileRef = 8B81CA8814D71C24005CC9CF /* FifteenPuzzleViewController.m */; };
		8B81CA8C14D71C24005CC9CF /* FifteenPuzzleViewController.xib in Resources */ = {isa = PBXBuildFile; fileRef = 8B81CA8A14D71C24005CC9CF /* FifteenPuzzleViewController.xib */; };
/* End PBXBuildFile section */

/* Begin PBXFileReference section */
		8B81CA7114D71C24005CC9CF /* FifteenPuzzle.app */ = {isa = PBXFileReference; explicitFileType = wrapper.application; includeInIndex = 0; path = FifteenPuzzle.app; sourceTree = BUILT_PRODUCTS_DIR; };
		8B81CA7514D71C24005CC9CF /* UIKit.framework */ = {isa = PBXFileReference; lastKnownFileType = wrapper.framework; name = UIKit.framework; path = System/Library/Frameworks/UIKit.framework; sourceTree = SDKROOT; };
		8B81CA7714D71C24005CC9CF /* Foundation.framework */ = {isa = PBXFileReference; lastKnownFileType = wrapper.framework; name = Foundation.framework; path = System/Library/Frameworks/Foundation.framework; sourceTree = SDKROOT; };
		8B81CA7914D71C24005CC9CF /* CoreGraphics.framework */ = {isa = PBXFileReference; lastKnownFileType = wrapper.framework; name = CoreGraphics.framework; path = System/Library/Frameworks/CoreGraphics.framework; sourceTree = SDKROOT; };
		8B81CA7D14D71C24005CC9CF /* FifteenPuzzle-Info.plist */ = {isa = PBXFileReference; path = "FifteenPuzzle-Info.plist"; sourceTree = "<group>"; };
		8B81CA7F14D71C24005CC9CF /* en */ = {isa = PBXFileReference; lastKnownFileType = text.plist.strings; name = en; path = en.lproj/InfoPlist.strings; sourceTree = "<group>"; };
		8B81CA8114D71C24005CC9CF /* main.m */ = {isa = PBXFileReference; lastKnownFileType = sourcecode.c.objc; path = main.m; sourceTree = "<group>"; };
		8B81CA8314D71C24005CC9CF /* FifteenPuzzle-Prefix.pch */ = {isa = PBXFileReference; path = "FifteenPuzzle-Prefix.pch"; sourceTree = "<group>"; };
		8B81CA8414D71C24005CC9CF /* FifteenPuzzleAppDelegate.h */ = {isa = PBXFileReference; path = FifteenPuzzleAppDelegate.h; sourceTree = "<group>"; };
		8B81CA8514D71C24005CC9CF /* FifteenPuzzleAppDelegate.m */ = {isa = PBXFileReference; lastKnownFileType = sourcecode.c.objc; path = FifteenPuzzleAppDelegate.m; sourceTree = "<group>"; };
		8B81CA8714D71C24005CC9CF /* FifteenPuzzleViewController.h */ = {isa = PBXFileReference; path = FifteenPuzzleViewController.h; sourceTree = "<group>"; };
		8B81CA8814D71C24005CC9CF /* FifteenPuzzleViewController.m */ = {isa = PBXFileReference; lastKnownFileType = sourcecode.c.objc; path = FifteenPuzzleViewController.m; sourceTree = "<group>"; };
		8B81CA8B14D71C24005CC9CF /* en */ = {isa = PBXFileReference; lastKnownFileType = file.xib; name = en; path = en.lproj/FifteenPuzzleViewController.xib; sourceTree = "<group>"; };
/* End PBXFileReference section */

/* Begin PBXFrameworksBuildPhase section */
		8B81CA6E14D71C24005CC9CF /* Frameworks */ = {
			isa = PBXFrameworksBuildPhase;
			buildActionMask = 2147483647;
			files = (
				8B81CA7614D71C24005CC9CF /* UIKit.framework in Frameworks */,
				8B81CA7814D71C24005CC9CF /* Foundation.framework in Frameworks */,
				8B81CA7A14D71C24005CC9CF /* CoreGraphics.framework in Frameworks */,
			);
			runOnlyForDeploymentPostprocessing = 0;
		};
/* End PBXFrameworksBuildPhase section */

/* Begin PBXGroup section */
		8B81CA6614D71C24005CC9CF = {
			isa = PBXGroup;
			children = (
				8B81CA7B14D71C24005CC9CF /* FifteenPuzzle */,
				8B81CA7414D71C24005CC9CF /* Frameworks */,
				8B81CA7214D71C24005CC9CF /* Products */,
			);
			sourceTree = "<group>";
		};
		8B81CA7214D71C24005CC9CF /* Products */ = {
			isa = PBXGroup;
			children = (
				8B81CA7114D71C24005CC9CF /* FifteenPuzzle.app */,
			);
			name = Products;
			sourceTree = "<group>";
		};
		8B81CA7414D71C24005CC9CF /* Frameworks */ = {
			isa = PBXGroup;
			children = (
				8B81CA7514D71C24005CC9CF /* UIKit.framework */,
				8B81CA7714D71C24005CC9CF /* Foundation.framework */,
				8B81CA7914D71C24005CC9CF /* CoreGraphics.framework */,
			);
			name = Frameworks;
			sourceTree = "<group>";
		};
		8B81CA7B14D71C24005CC9CF /* FifteenPuzzle */ = {
			isa = PBXGroup;
			children = (
				8B81CA8414D71C24005CC9CF /* FifteenPuzzleAppDelegate.h */,
				8B81CA8514D71C24005CC9CF /* FifteenPuzzleAppDelegate.m */,
				8B81CA8714D71C24005CC9CF /* FifteenPuzzleViewController.h */,
				8B81CA8814D71C24005CC9CF /* FifteenPuzzleViewController.m */,
				8B81CA8A14D71C24005CC9CF /* FifteenPuzzleViewController.xib */,
				8B81CA7C14D71C24005CC9CF /* Supporting Files */,
			);
			path = FifteenPuzzle;
			sourceTree = "<group>";
		};
		8B81CA7C14D71C24005CC9CF /* Supporting Files */ = {
			isa = PBXGroup;
			children = (
				8B81CA7D14D71C24005CC9CF /* FifteenPuzzle-Info.plist */,
				8B81CA7E14D71C24005CC9CF /* InfoPlist.strings */,
				8B81CA8114D71C24005CC9CF /* main.m */,
				8B81CA8314D71C24005CC9CF /* FifteenPuzzle-Prefix.pch */,
			);
			name = "Supporting Files";
			sourceTree = "<group>";
		};
/* End PBXGroup section */

/* Begin PBXNativeTarget section */
		8B81CA7014D71C24005CC9CF /* FifteenPuzzle */ = {
			isa = PBXNativeTarget;
			buildConfigurationList = 8B81CA8F14D71C24005CC9CF /* Build configuration list for PBXNativeTarget "FifteenPuzzle" */;
			buildPhases = (
				8B81CA6D14D71C24005CC9CF /* Sources */,
				8B81CA6E14D71C24005CC9CF /* Frameworks */,
				8B81CA6F14D71C24005CC9CF /* Resources */,
			);
			buildRules = (
			);
			dependencies = (
			);
			name = FifteenPuzzle;
			productName = FifteenPuzzle;
			productReference = 8B81CA7114D71C24005CC9CF /* FifteenPuzzle.app */;
			productType = "com.apple.product-type.application";
		};
/* End PBXNativeTarget section */

/* Begin PBXProject section */
		8B81CA6814D71C24005CC9CF /* Project object */ = {
			isa = PBXProject;
			attributes = {
				LastUpgradeCheck = 0420;
			};
			buildConfigurationList = 8B81CA6B14D71C24005CC9CF /* Build configuration list for PBXProject "FifteenPuzzle" */;
			compatibilityVersion = "Xcode 3.2";
			developmentRegion = English;
			hasScannedForEncodings = 0;
			knownRegions = (
				en,
			);
			mainGroup = 8B81CA6614D71C24005CC9CF;
			productRefGroup = 8B81CA7214D71C24005CC9CF /* Products */;
			projectDirPath = "";
			projectRoot = "";
			targets = (
				8B81CA7014D71C24005CC9CF /* FifteenPuzzle */,
			);
		};
/* End PBXProject section */

/* Begin PBXResourcesBuildPhase section */
		8B81CA6F14D71C24005CC9CF /* Resources */ = {
			isa = PBXResourcesBuildPhase;
			buildActionMask = 2147483647;
			files = (
				8B81CA8014D71C24005CC9CF /* InfoPlist.strings in Resources */,
				8B81CA8C14D71C24005CC9CF /* FifteenPuzzleViewController.xib in Resources */,
			);
			runOnlyForDeploymentPostprocessing = 0;
		};
/* End PBXResourcesBuildPhase section */

/* Begin PBXSourcesBuildPhase section */
		8B81CA6D14D71C24005CC9CF /* Sources */ = {
			isa = PBXSourcesBuildPhase;
			buildActionMask = 2147483647;
			files = (
				8B81CA8214D71C24005CC9CF /* main.m in Sources */,
				8B81CA8614D71C24005CC9CF /* FifteenPuzzleAppDelegate.m in Sources */,
				8B81CA8914D71C24005CC9CF /* FifteenPuzzleViewController.m in Sources */,
			);
			runOnlyForDeploymentPostprocessing = 0;
		};
/* End PBXSourcesBuildPhase section */

/* Begin PBXVariantGroup section */
		8B81CA7E14D71C24005CC9CF /* InfoPlist.strings */ = {
			isa = PBXVariantGroup;
			children = (
				8B81CA7F14D71C24005CC9CF /* en */,
			);
			name = InfoPlist.strings;
			sourceTree = "<group>";
		};
		8B81CA8A14D71C24005CC9CF /* FifteenPuzzleViewController.xib */ = {
			isa = PBXVariantGroup;
			children = (
				8B81CA8B14D71C24005CC9CF /* en */,
			);
			name = FifteenPuzzleViewController.xib;
			sourceTree = "<group>";
		};
/* End PBXVariantGroup section */

/* Begin XCBuildConfiguration section */
		8B81CA8D14D71C24005CC9CF /* Debug */ = {
			isa = XCBuildConfiguration;
			buildSettings = {
				ALWAYS_SEARCH_USER_PATHS = NO;
				ARCHS = "$(ARCHS_STANDARD_32_BIT)";
				CLANG_ENABLE_OBJC_ARC = YES;
				"CODE_SIGN_IDENTITY[sdk=iphoneos*]" = "iPhone Developer";
				COPY_PHASE_STRIP = NO;
				GCC_C_LANGUAGE_STANDARD = gnu99;
				GCC_DYNAMIC_NO_PIC = NO;
				GCC_OPTIMIZATION_LEVEL = 0;
				GCC_PREPROCESSOR_DEFINITIONS = (
					"DEBUG=1",
					"$(inherited)",
				);
				GCC_SYMBOLS_PRIVATE_EXTERN = NO;
				GCC_VERSION = com.apple.compilers.llvm.clang.1_0;
				GCC_WARN_ABOUT_MISSING_PROTOTYPES = YES;
				GCC_WARN_ABOUT_RETURN_TYPE = YES;
				GCC_WARN_UNUSED_VARIABLE = YES;
				IPHONEOS_DEPLOYMENT_TARGET = 5.0;
				SDKROOT = iphoneos;
			};
			name = Debug;
		};
		8B81CA8E14D71C24005CC9CF /* Release */ = {
			isa = XCBuildConfiguration;
			buildSettings = {
				ALWAYS_SEARCH_USER_PATHS = NO;
				ARCHS = "$(ARCHS_STANDARD_32_BIT)";
				CLANG_ENABLE_OBJC_ARC = YES;
				"CODE_SIGN_IDENTITY[sdk=iphoneos*]" = "iPhone Developer";
				COPY_PHASE_STRIP = YES;
				GCC_C_LANGUAGE_STANDARD = gnu99;
				GCC_VERSION = com.apple.compilers.llvm.clang.1_0;
				GCC_WARN_ABOUT_MISSING_PROTOTYPES = YES;
				GCC_WARN_ABOUT_RETURN_TYPE = YES;
				GCC_WARN_UNUSED_VARIABLE = YES;
				IPHONEOS_DEPLOYMENT_TARGET = 5.0;
				OTHER_CFLAGS = "-DNS_BLOCK_ASSERTIONS=1";
				SDKROOT = iphoneos;
				VALIDATE_PRODUCT = YES;
			};
			name = Release;
		};
		8B81CA9014D71C24005CC9CF /* Debug */ = {
			isa = XCBuildConfiguration;
			buildSettings = {
				GCC_PRECOMPILE_PREFIX_HEADER = YES;
				GCC_PREFIX_HEADER = "FifteenPuzzle/FifteenPuzzle-Prefix.pch";
				INFOPLIST_FILE = "FifteenPuzzle/FifteenPuzzle-Info.plist";
				PRODUCT_NAME = "$(TARGET_NAME)";
				WRAPPER_EXTENSION = app;
			};
			name = Debug;
		};
		8B81CA9114D71C24005CC9CF /* Release */ = {
			isa = XCBuildConfiguration;
			buildSettings = {
				GCC_PRECOMPILE_PREFIX_HEADER = YES;
				GCC_PREFIX_HEADER = "FifteenPuzzle/FifteenPuzzle-Prefix.pch";
				INFOPLIST_FILE = "FifteenPuzzle/FifteenPuzzle-Info.plist";
				PRODUCT_NAME = "$(TARGET_NAME)";
				WRAPPER_EXTENSION = app;
			};
			name = Release;
		};
/* End XCBuildConfiguration section */

/* Begin XCConfigurationList section */
		8B81CA6B14D71C24005CC9CF /* Build configuration list for PBXProject "FifteenPuzzle" */ = {
			isa = XCConfigurationList;
			buildConfigurations = (
				8B81CA8D14D71C24005CC9CF /* Debug */,
				8B81CA8E14D71C24005CC9CF /* Release */,
			);
			defaultConfigurationIsVisible = 0;
			defaultConfigurationName = Release;
		};
		8B81CA8F14D71C24005CC9CF /* Build configuration list for PBXNativeTarget "FifteenPuzzle" */ = {
			isa = XCConfigurationList;
			buildConfigurations = (
				8B81CA9014D71C24005CC9CF /* Debug */,
				8B81CA9114D71C24005CC9CF /* Release */,
			);
			defaultConfigurationIsVisible = 0;
		};
/* End XCConfigurationList section */
	};
	rootObject = 8B81CA6814D71C24005CC9CF /* Project object */;
}
